// !$*UTF8*$!
{
	archiveVersion = 1;
	classes = {
	};
	objectVersion = 46;
	objects = {

/* Begin PBXBuildFile section */
		1DC408B31AB8036D004251AF /* AppDelegate.swift in Sources */ = {isa = PBXBuildFile; fileRef = 1DC408B21AB8036D004251AF /* AppDelegate.swift */; };
		1DC408B51AB8036D004251AF /* RecordSoundsViewController.swift in Sources */ = {isa = PBXBuildFile; fileRef = 1DC408B41AB8036D004251AF /* RecordSoundsViewController.swift */; };
		1DC408B81AB8036D004251AF /* Main.storyboard in Resources */ = {isa = PBXBuildFile; fileRef = 1DC408B61AB8036D004251AF /* Main.storyboard */; };
		1DC408BA1AB8036D004251AF /* Images.xcassets in Resources */ = {isa = PBXBuildFile; fileRef = 1DC408B91AB8036D004251AF /* Images.xcassets */; };
		1DC408BD1AB8036D004251AF /* LaunchScreen.xib in Resources */ = {isa = PBXBuildFile; fileRef = 1DC408BB1AB8036D004251AF /* LaunchScreen.xib */; };
		1DC408C91AB8036D004251AF /* PitchPerfectTests.swift in Sources */ = {isa = PBXBuildFile; fileRef = 1DC408C81AB8036D004251AF /* PitchPerfectTests.swift */; };
		1DC408D31AB81FF2004251AF /* PlaySoundsViewController.swift in Sources */ = {isa = PBXBuildFile; fileRef = 1DC408D21AB81FF2004251AF /* PlaySoundsViewController.swift */; };
		1DC408D51AB824E3004251AF /* RecordedAudio.swift in Sources */ = {isa = PBXBuildFile; fileRef = 1DC408D41AB824E3004251AF /* RecordedAudio.swift */; };
/* End PBXBuildFile section */

/* Begin PBXContainerItemProxy section */
		1DC408C31AB8036D004251AF /* PBXContainerItemProxy */ = {
			isa = PBXContainerItemProxy;
			containerPortal = 1DC408A51AB8036D004251AF /* Project object */;
			proxyType = 1;
			remoteGlobalIDString = 1DC408AC1AB8036D004251AF;
			remoteInfo = PitchPerfect;
		};
/* End PBXContainerItemProxy section */

/* Begin PBXFileReference section */
		1DC408AD1AB8036D004251AF /* PitchPerfect.app */ = {isa = PBXFileReference; explicitFileType = wrapper.application; includeInIndex = 0; path = PitchPerfect.app; sourceTree = BUILT_PRODUCTS_DIR; };
		1DC408B11AB8036D004251AF /* Info.plist */ = {isa = PBXFileReference; lastKnownFileType = text.plist.xml; path = Info.plist; sourceTree = "<group>"; };
		1DC408B21AB8036D004251AF /* AppDelegate.swift */ = {isa = PBXFileReference; lastKnownFileType = sourcecode.swift; path = AppDelegate.swift; sourceTree = "<group>"; };
		1DC408B41AB8036D004251AF /* RecordSoundsViewController.swift */ = {isa = PBXFileReference; lastKnownFileType = sourcecode.swift; path = RecordSoundsViewController.swift; sourceTree = "<group>"; };
		1DC408B71AB8036D004251AF /* Base */ = {isa = PBXFileReference; lastKnownFileType = file.storyboard; name = Base; path = Base.lproj/Main.storyboard; sourceTree = "<group>"; };
		1DC408B91AB8036D004251AF /* Images.xcassets */ = {isa = PBXFileReference; lastKnownFileType = folder.assetcatalog; path = Images.xcassets; sourceTree = "<group>"; };
		1DC408BC1AB8036D004251AF /* Base */ = {isa = PBXFileReference; lastKnownFileType = file.xib; name = Base; path = Base.lproj/LaunchScreen.xib; sourceTree = "<group>"; };
		1DC408C21AB8036D004251AF /* PitchPerfectTests.xctest */ = {isa = PBXFileReference; explicitFileType = wrapper.cfbundle; includeInIndex = 0; path = PitchPerfectTests.xctest; sourceTree = BUILT_PRODUCTS_DIR; };
		1DC408C71AB8036D004251AF /* Info.plist */ = {isa = PBXFileReference; lastKnownFileType = text.plist.xml; path = Info.plist; sourceTree = "<group>"; };
		1DC408C81AB8036D004251AF /* PitchPerfectTests.swift */ = {isa = PBXFileReference; lastKnownFileType = sourcecode.swift; path = PitchPerfectTests.swift; sourceTree = "<group>"; };
		1DC408D21AB81FF2004251AF /* PlaySoundsViewController.swift */ = {isa = PBXFileReference; fileEncoding = 4; lastKnownFileType = sourcecode.swift; path = PlaySoundsViewController.swift; sourceTree = "<group>"; };
		1DC408D41AB824E3004251AF /* RecordedAudio.swift */ = {isa = PBXFileReference; fileEncoding = 4; lastKnownFileType = sourcecode.swift; path = RecordedAudio.swift; sourceTree = "<group>"; };
/* End PBXFileReference section */

/* Begin PBXFrameworksBuildPhase section */
		1DC408AA1AB8036D004251AF /* Frameworks */ = {
			isa = PBXFrameworksBuildPhase;
			buildActionMask = 2147483647;
			files = (
			);
			runOnlyForDeploymentPostprocessing = 0;
		};
		1DC408BF1AB8036D004251AF /* Frameworks */ = {
			isa = PBXFrameworksBuildPhase;
			buildActionMask = 2147483647;
			files = (
			);
			runOnlyForDeploymentPostprocessing = 0;
		};
/* End PBXFrameworksBuildPhase section */

/* Begin PBXGroup section */
		1DC408A41AB8036D004251AF = {
			isa = PBXGroup;
			children = (
				1DC408AF1AB8036D004251AF /* PitchPerfect */,
				1DC408C51AB8036D004251AF /* PitchPerfectTests */,
				1DC408AE1AB8036D004251AF /* Products */,
			);
			sourceTree = "<group>";
		};
		1DC408AE1AB8036D004251AF /* Products */ = {
			isa = PBXGroup;
			children = (
				1DC408AD1AB8036D004251AF /* PitchPerfect.app */,
				1DC408C21AB8036D004251AF /* PitchPerfectTests.xctest */,
			);
			name = Products;
			sourceTree = "<group>";
		};
		1DC408AF1AB8036D004251AF /* PitchPerfect */ = {
			isa = PBXGroup;
			children = (
				1DC408D41AB824E3004251AF /* RecordedAudio.swift */,
				1DC408D21AB81FF2004251AF /* PlaySoundsViewController.swift */,
				1DC408B21AB8036D004251AF /* AppDelegate.swift */,
				1DC408B41AB8036D004251AF /* RecordSoundsViewController.swift */,
				1DC408B61AB8036D004251AF /* Main.storyboard */,
				1DC408B91AB8036D004251AF /* Images.xcassets */,
				1DC408BB1AB8036D004251AF /* LaunchScreen.xib */,
				1DC408B01AB8036D004251AF /* Supporting Files */,
			);
			path = PitchPerfect;
			sourceTree = "<group>";
		};
		1DC408B01AB8036D004251AF /* Supporting Files */ = {
			isa = PBXGroup;
			children = (
				1DC408B11AB8036D004251AF /* Info.plist */,
			);
			name = "Supporting Files";
			sourceTree = "<group>";
		};
		1DC408C51AB8036D004251AF /* PitchPerfectTests */ = {
			isa = PBXGroup;
			children = (
				1DC408C81AB8036D004251AF /* PitchPerfectTests.swift */,
				1DC408C61AB8036D004251AF /* Supporting Files */,
			);
			path = PitchPerfectTests;
			sourceTree = "<group>";
		};
		1DC408C61AB8036D004251AF /* Supporting Files */ = {
			isa = PBXGroup;
			children = (
				1DC408C71AB8036D004251AF /* Info.plist */,
			);
			name = "Supporting Files";
			sourceTree = "<group>";
		};
/* End PBXGroup section */

/* Begin PBXNativeTarget section */
		1DC408AC1AB8036D004251AF /* PitchPerfect */ = {
			isa = PBXNativeTarget;
			buildConfigurationList = 1DC408CC1AB8036D004251AF /* Build configuration list for PBXNativeTarget "PitchPerfect" */;
			buildPhases = (
				1DC408A91AB8036D004251AF /* Sources */,
				1DC408AA1AB8036D004251AF /* Frameworks */,
				1DC408AB1AB8036D004251AF /* Resources */,
			);
			buildRules = (
			);
			dependencies = (
			);
			name = PitchPerfect;
			productName = PitchPerfect;
			productReference = 1DC408AD1AB8036D004251AF /* PitchPerfect.app */;
			productType = "com.apple.product-type.application";
		};
		1DC408C11AB8036D004251AF /* PitchPerfectTests */ = {
			isa = PBXNativeTarget;
			buildConfigurationList = 1DC408CF1AB8036D004251AF /* Build configuration list for PBXNativeTarget "PitchPerfectTests" */;
			buildPhases = (
				1DC408BE1AB8036D004251AF /* Sources */,
				1DC408BF1AB8036D004251AF /* Frameworks */,
				1DC408C01AB8036D004251AF /* Resources */,
			);
			buildRules = (
			);
			dependencies = (
				1DC408C41AB8036D004251AF /* PBXTargetDependency */,
			);
			name = PitchPerfectTests;
			productName = PitchPerfectTests;
			productReference = 1DC408C21AB8036D004251AF /* PitchPerfectTests.xctest */;
			productType = "com.apple.product-type.bundle.unit-test";
		};
/* End PBXNativeTarget section */

/* Begin PBXProject section */
		1DC408A51AB8036D004251AF /* Project object */ = {
			isa = PBXProject;
			attributes = {
				LastUpgradeCheck = 0620;
				ORGANIZATIONNAME = "Vikas Varma";
				TargetAttributes = {
					1DC408AC1AB8036D004251AF = {
						CreatedOnToolsVersion = 6.2;
						DevelopmentTeam = T28KC5QVD8;
					};
					1DC408C11AB8036D004251AF = {
						CreatedOnToolsVersion = 6.2;
						TestTargetID = 1DC408AC1AB8036D004251AF;
					};
				};
			};
			buildConfigurationList = 1DC408A81AB8036D004251AF /* Build configuration list for PBXProject "PitchPerfect" */;
			compatibilityVersion = "Xcode 3.2";
			developmentRegion = English;
			hasScannedForEncodings = 0;
			knownRegions = (
				en,
				Base,
			);
			mainGroup = 1DC408A41AB8036D004251AF;
			productRefGroup = 1DC408AE1AB8036D004251AF /* Products */;
			projectDirPath = "";
			projectRoot = "";
			targets = (
				1DC408AC1AB8036D004251AF /* PitchPerfect */,
				1DC408C11AB8036D004251AF /* PitchPerfectTests */,
			);
		};
/* End PBXProject section */

/* Begin PBXResourcesBuildPhase section */
		1DC408AB1AB8036D004251AF /* Resources */ = {
			isa = PBXResourcesBuildPhase;
			buildActionMask = 2147483647;
			files = (
				1DC408B81AB8036D004251AF /* Main.storyboard in Resources */,
				1DC408BD1AB8036D004251AF /* LaunchScreen.xib in Resources */,
				1DC408BA1AB8036D004251AF /* Images.xcassets in Resources */,
			);
			runOnlyForDeploymentPostprocessing = 0;
		};
		1DC408C01AB8036D004251AF /* Resources */ = {
			isa = PBXResourcesBuildPhase;
			buildActionMask = 2147483647;
			files = (
			);
			runOnlyForDeploymentPostprocessing = 0;
		};
/* End PBXResourcesBuildPhase section */

/* Begin PBXSourcesBuildPhase section */
		1DC408A91AB8036D004251AF /* Sources */ = {
			isa = PBXSourcesBuildPhase;
			buildActionMask = 2147483647;
			files = (
				1DC408D51AB824E3004251AF /* RecordedAudio.swift in Sources */,
				1DC408B51AB8036D004251AF /* RecordSoundsViewController.swift in Sources */,
				1DC408D31AB81FF2004251AF /* PlaySoundsViewController.swift in Sources */,
				1DC408B31AB8036D004251AF /* AppDelegate.swift in Sources */,
			);
			runOnlyForDeploymentPostprocessing = 0;
		};
		1DC408BE1AB8036D004251AF /* Sources */ = {
			isa = PBXSourcesBuildPhase;
			buildActionMask = 2147483647;
			files = (
				1DC408C91AB8036D004251AF /* PitchPerfectTests.swift in Sources */,
			);
			runOnlyForDeploymentPostprocessing = 0;
		};
/* End PBXSourcesBuildPhase section */

/* Begin PBXTargetDependency section */
		1DC408C41AB8036D004251AF /* PBXTargetDependency */ = {
			isa = PBXTargetDependency;
			target = 1DC408AC1AB8036D004251AF /* PitchPerfect */;
			targetProxy = 1DC408C31AB8036D004251AF /* PBXContainerItemProxy */;
		};
/* End PBXTargetDependency section */

/* Begin PBXVariantGroup section */
		1DC408B61AB8036D004251AF /* Main.storyboard */ = {
			isa = PBXVariantGroup;
			children = (
				1DC408B71AB8036D004251AF /* Base */,
			);
			name = Main.storyboard;
			sourceTree = "<group>";
		};
		1DC408BB1AB8036D004251AF /* LaunchScreen.xib */ = {
			isa = PBXVariantGroup;
			children = (
				1DC408BC1AB8036D004251AF /* Base */,
			);
			name = LaunchScreen.xib;
			sourceTree = "<group>";
		};
/* End PBXVariantGroup section */

/* Begin XCBuildConfiguration section */
		1DC408CA1AB8036D004251AF /* Debug */ = {
			isa = XCBuildConfiguration;
			buildSettings = {
				ALWAYS_SEARCH_USER_PATHS = NO;
				CLANG_CXX_LANGUAGE_STANDARD = "gnu++0x";
				CLANG_CXX_LIBRARY = "libc++";
				CLANG_ENABLE_MODULES = YES;
				CLANG_ENABLE_OBJC_ARC = YES;
				CLANG_WARN_BOOL_CONVERSION = YES;
				CLANG_WARN_CONSTANT_CONVERSION = YES;
				CLANG_WARN_DIRECT_OBJC_ISA_USAGE = YES_ERROR;
				CLANG_WARN_EMPTY_BODY = YES;
				CLANG_WARN_ENUM_CONVERSION = YES;
				CLANG_WARN_INT_CONVERSION = YES;
				CLANG_WARN_OBJC_ROOT_CLASS = YES_ERROR;
				CLANG_WARN_UNREACHABLE_CODE = YES;
				CLANG_WARN__DUPLICATE_METHOD_MATCH = YES;
				"CODE_SIGN_IDENTITY[sdk=iphoneos*]" = "iPhone Developer";
				COPY_PHASE_STRIP = NO;
				ENABLE_STRICT_OBJC_MSGSEND = YES;
				GCC_C_LANGUAGE_STANDARD = gnu99;
				GCC_DYNAMIC_NO_PIC = NO;
				GCC_OPTIMIZATION_LEVEL = 0;
				GCC_PREPROCESSOR_DEFINITIONS = (
					"DEBUG=1",
					"$(inherited)",
				);
				GCC_SYMBOLS_PRIVATE_EXTERN = NO;
				GCC_WARN_64_TO_32_BIT_CONVERSION = YES;
				GCC_WARN_ABOUT_RETURN_TYPE = YES_ERROR;
				GCC_WARN_UNDECLARED_SELECTOR = YES;
				GCC_WARN_UNINITIALIZED_AUTOS = YES_AGGRESSIVE;
				GCC_WARN_UNUSED_FUNCTION = YES;
				GCC_WARN_UNUSED_VARIABLE = YES;
				IPHONEOS_DEPLOYMENT_TARGET = 8.2;
				MTL_ENABLE_DEBUG_INFO = YES;
				ONLY_ACTIVE_ARCH = YES;
				SDKROOT = iphoneos;
				SWIFT_OPTIMIZATION_LEVEL = "-Onone";
			};
			name = Debug;
		};
		1DC408CB1AB8036D004251AF /* Release */ = {
			isa = XCBuildConfiguration;
			buildSettings = {
				ALWAYS_SEARCH_USER_PATHS = NO;
				CLANG_CXX_LANGUAGE_STANDARD = "gnu++0x";
				CLANG_CXX_LIBRARY = "libc++";
				CLANG_ENABLE_MODULES = YES;
				CLANG_ENABLE_OBJC_ARC = YES;
				CLANG_WARN_BOOL_CONVERSION = YES;
				CLANG_WARN_CONSTANT_CONVERSION = YES;
				CLANG_WARN_DIRECT_OBJC_ISA_USAGE = YES_ERROR;
				CLANG_WARN_EMPTY_BODY = YES;
				CLANG_WARN_ENUM_CONVERSION = YES;
				CLANG_WARN_INT_CONVERSION = YES;
				CLANG_WARN_OBJC_ROOT_CLASS = YES_ERROR;
				CLANG_WARN_UNREACHABLE_CODE = YES;
				CLANG_WARN__DUPLICATE_METHOD_MATCH = YES;
				"CODE_SIGN_IDENTITY[sdk=iphoneos*]" = "iPhone Developer";
				COPY_PHASE_STRIP = NO;
				ENABLE_NS_ASSERTIONS = NO;
				ENABLE_STRICT_OBJC_MSGSEND = YES;
				GCC_C_LANGUAGE_STANDARD = gnu99;
				GCC_WARN_64_TO_32_BIT_CONVERSION = YES;
				GCC_WARN_ABOUT_RETURN_TYPE = YES_ERROR;
				GCC_WARN_UNDECLARED_SELECTOR = YES;
				GCC_WARN_UNINITIALIZED_AUTOS = YES_AGGRESSIVE;
				GCC_WARN_UNUSED_FUNCTION = YES;
				GCC_WARN_UNUSED_VARIABLE = YES;
				IPHONEOS_DEPLOYMENT_TARGET = 8.2;
				MTL_ENABLE_DEBUG_INFO = NO;
				SDKROOT = iphoneos;
				VALIDATE_PRODUCT = YES;
			};
			name = Release;
		};
		1DC408CD1AB8036D004251AF /* Debug */ = {
			isa = XCBuildConfiguration;
			buildSettings = {
				ASSETCATALOG_COMPILER_APPICON_NAME = AppIcon;
				INFOPLIST_FILE = PitchPerfect/Info.plist;
				IPHONEOS_DEPLOYMENT_TARGET = 8.0;
				LD_RUNPATH_SEARCH_PATHS = "$(inherited) @executable_path/Frameworks";
				PRODUCT_NAME = "$(TARGET_NAME)";
				TARGETED_DEVICE_FAMILY = 1;
			};
			name = Debug;
		};
		1DC408CE1AB8036D004251AF /* Release */ = {
			isa = XCBuildConfiguration;
			buildSettings = {
				ASSETCATALOG_COMPILER_APPICON_NAME = AppIcon;
				INFOPLIST_FILE = PitchPerfect/Info.plist;
				IPHONEOS_DEPLOYMENT_TARGET = 8.0;
				LD_RUNPATH_SEARCH_PATHS = "$(inherited) @executable_path/Frameworks";
				PRODUCT_NAME = "$(TARGET_NAME)";
				TARGETED_DEVICE_FAMILY = 1;
			};
			name = Release;
		};
		1DC408D01AB8036D004251AF /* Debug */ = {
			isa = XCBuildConfiguration;
			buildSettings = {
				BUNDLE_LOADER = "$(TEST_HOST)";
				FRAMEWORK_SEARCH_PATHS = (
					"$(SDKROOT)/Developer/Library/Frameworks",
					"$(inherited)",
				);
				GCC_PREPROCESSOR_DEFINITIONS = (
					"DEBUG=1",
					"$(inherited)",
				);
				INFOPLIST_FILE = PitchPerfectTests/Info.plist;
				LD_RUNPATH_SEARCH_PATHS = "$(inherited) @executable_path/Frameworks @loader_path/Frameworks";
				PRODUCT_NAME = "$(TARGET_NAME)";
				TEST_HOST = "$(BUILT_PRODUCTS_DIR)/PitchPerfect.app/PitchPerfect";
			};
			name = Debug;
		};
		1DC408D11AB8036D004251AF /* Release */ = {
			isa = XCBuildConfiguration;
			buildSettings = {
				BUNDLE_LOADER = "$(TEST_HOST)";
				FRAMEWORK_SEARCH_PATHS = (
					"$(SDKROOT)/Developer/Library/Frameworks",
					"$(inherited)",
				);
				INFOPLIST_FILE = PitchPerfectTests/Info.plist;
				LD_RUNPATH_SEARCH_PATHS = "$(inherited) @executable_path/Frameworks @loader_path/Frameworks";
				PRODUCT_NAME = "$(TARGET_NAME)";
				TEST_HOST = "$(BUILT_PRODUCTS_DIR)/PitchPerfect.app/PitchPerfect";
			};
			name = Release;
		};
/* End XCBuildConfiguration section */

/* Begin XCConfigurationList section */
		1DC408A81AB8036D004251AF /* Build configuration list for PBXProject "PitchPerfect" */ = {
			isa = XCConfigurationList;
			buildConfigurations = (
				1DC408CA1AB8036D004251AF /* Debug */,
				1DC408CB1AB8036D004251AF /* Release */,
			);
			defaultConfigurationIsVisible = 0;
			defaultConfigurationName = Release;
		};
		1DC408CC1AB8036D004251AF /* Build configuration list for PBXNativeTarget "PitchPerfect" */ = {
			isa = XCConfigurationList;
			buildConfigurations = (
				1DC408CD1AB8036D004251AF /* Debug */,
				1DC408CE1AB8036D004251AF /* Release */,
			);
			defaultConfigurationIsVisible = 0;
			defaultConfigurationName = Release;
		};
		1DC408CF1AB8036D004251AF /* Build configuration list for PBXNativeTarget "PitchPerfectTests" */ = {
			isa = XCConfigurationList;
			buildConfigurations = (
				1DC408D01AB8036D004251AF /* Debug */,
				1DC408D11AB8036D004251AF /* Release */,
			);
			defaultConfigurationIsVisible = 0;
			defaultConfigurationName = Release;
		};
/* End XCConfigurationList section */
	};
	rootObject = 1DC408A51AB8036D004251AF /* Project object */;
}
